
Microsoft Visual Studio Solution File, Format Version 12.00
# Visual Studio Version 16
VisualStudioVersion = 16.0.31205.134
MinimumVisualStudioVersion = 10.0.40219.1
Project("{FAE04EC0-301F-11D3-BF4B-00C04F79EFBC}") = "WebApplicationPrueba", "WebApplicationPrueba\WebApplicationPrueba.csproj", "{D8DDF937-FAF4-4576-8F1A-9083E9A23408}"
EndProject
Project("{FAE04EC0-301F-11D3-BF4B-00C04F79EFBC}") = "WebApplication_P_Empresa", "WebApplication_P_Empresa\WebApplication_P_Empresa.csproj", "{DBFE0060-B2E3-43E4-A38F-B559BE697A51}"
EndProject
Global
	GlobalSection(SolutionConfigurationPlatforms) = preSolution
		Debug|Any CPU = Debug|Any CPU
		Release|Any CPU = Release|Any CPU
	EndGlobalSection
	GlobalSection(ProjectConfigurationPlatforms) = postSolution
		{D8DDF937-FAF4-4576-8F1A-9083E9A23408}.Debug|Any CPU.ActiveCfg = Debug|Any CPU
		{D8DDF937-FAF4-4576-8F1A-9083E9A23408}.Debug|Any CPU.Build.0 = Debug|Any CPU
		{D8DDF937-FAF4-4576-8F1A-9083E9A23408}.Release|Any CPU.ActiveCfg = Release|Any CPU
		{D8DDF937-FAF4-4576-8F1A-9083E9A23408}.Release|Any CPU.Build.0 = Release|Any CPU
		{DBFE0060-B2E3-43E4-A38F-B559BE697A51}.Debug|Any CPU.ActiveCfg = Debug|Any CPU
		{DBFE0060-B2E3-43E4-A38F-B559BE697A51}.Debug|Any CPU.Build.0 = Debug|Any CPU
		{DBFE0060-B2E3-43E4-A38F-B559BE697A51}.Release|Any CPU.ActiveCfg = Release|Any CPU
		{DBFE0060-B2E3-43E4-A38F-B559BE697A51}.Release|Any CPU.Build.0 = Release|Any CPU
	EndGlobalSection
	GlobalSection(SolutionProperties) = preSolution
		HideSolutionNode = FALSE
	EndGlobalSection
	GlobalSection(ExtensibilityGlobals) = postSolution
		SolutionGuid = {E416B806-FB00-4BAD-BF61-8C82C7111589}
	EndGlobalSection
EndGlobal
